
Microsoft Visual Studio Solution File, Format Version 12.00
Project("{FAE04EC0-301F-11D3-BF4B-00C04F79EFBC}") = "Tokensharp", "Tokensharp\Tokensharp.csproj", "{AA239C83-CCBA-415F-A761-E513B7506A6B}"
EndProject
Project("{FAE04EC0-301F-11D3-BF4B-00C04F79EFBC}") = "Tokensharp.Tests", "Tokensharp.Tests\Tokensharp.Tests.csproj", "{B58AD010-6264-4AFA-BF83-814AACDF3B3A}"
EndProject
Project("{FAE04EC0-301F-11D3-BF4B-00C04F79EFBC}") = "Tokensharp.TokenTypeGenerator", "Tokensharp.TokenTypeGenerator\Tokensharp.TokenTypeGenerator.csproj", "{976F4DC2-E2E3-4347-AD20-FBE9E805EE96}"
EndProject
Project("{FAE04EC0-301F-11D3-BF4B-00C04F79EFBC}") = "Tokensharp.TokenTypeGenerator.Test", "Tokensharp.TokenTypeGenerator.Test\Tokensharp.TokenTypeGenerator.Test.csproj", "{754C0727-09E3-43C8-9439-AF15DBB28336}"
EndProject
Project("{FAE04EC0-301F-11D3-BF4B-00C04F79EFBC}") = "Tokensharp.Benchmark", "Tokensharp.Benchmark\Tokensharp.Benchmark.csproj", "{7F408271-443D-43F8-A387-1A1FEB7B8FF8}"
EndProject
Global
	GlobalSection(SolutionConfigurationPlatforms) = preSolution
		Debug|Any CPU = Debug|Any CPU
		Release|Any CPU = Release|Any CPU
	EndGlobalSection
	GlobalSection(ProjectConfigurationPlatforms) = postSolution
		{AA239C83-CCBA-415F-A761-E513B7506A6B}.Debug|Any CPU.ActiveCfg = Debug|Any CPU
		{AA239C83-CCBA-415F-A761-E513B7506A6B}.Debug|Any CPU.Build.0 = Debug|Any CPU
		{AA239C83-CCBA-415F-A761-E513B7506A6B}.Release|Any CPU.ActiveCfg = Release|Any CPU
		{AA239C83-CCBA-415F-A761-E513B7506A6B}.Release|Any CPU.Build.0 = Release|Any CPU
		{B58AD010-6264-4AFA-BF83-814AACDF3B3A}.Debug|Any CPU.ActiveCfg = Debug|Any CPU
		{B58AD010-6264-4AFA-BF83-814AACDF3B3A}.Debug|Any CPU.Build.0 = Debug|Any CPU
		{B58AD010-6264-4AFA-BF83-814AACDF3B3A}.Release|Any CPU.ActiveCfg = Release|Any CPU
		{B58AD010-6264-4AFA-BF83-814AACDF3B3A}.Release|Any CPU.Build.0 = Release|Any CPU
		{976F4DC2-E2E3-4347-AD20-FBE9E805EE96}.Debug|Any CPU.ActiveCfg = Debug|Any CPU
		{976F4DC2-E2E3-4347-AD20-FBE9E805EE96}.Debug|Any CPU.Build.0 = Debug|Any CPU
		{976F4DC2-E2E3-4347-AD20-FBE9E805EE96}.Release|Any CPU.ActiveCfg = Release|Any CPU
		{976F4DC2-E2E3-4347-AD20-FBE9E805EE96}.Release|Any CPU.Build.0 = Release|Any CPU
		{754C0727-09E3-43C8-9439-AF15DBB28336}.Debug|Any CPU.ActiveCfg = Debug|Any CPU
		{754C0727-09E3-43C8-9439-AF15DBB28336}.Debug|Any CPU.Build.0 = Debug|Any CPU
		{754C0727-09E3-43C8-9439-AF15DBB28336}.Release|Any CPU.ActiveCfg = Release|Any CPU
		{754C0727-09E3-43C8-9439-AF15DBB28336}.Release|Any CPU.Build.0 = Release|Any CPU
		{7F408271-443D-43F8-A387-1A1FEB7B8FF8}.Debug|Any CPU.ActiveCfg = Debug|Any CPU
		{7F408271-443D-43F8-A387-1A1FEB7B8FF8}.Debug|Any CPU.Build.0 = Debug|Any CPU
		{7F408271-443D-43F8-A387-1A1FEB7B8FF8}.Release|Any CPU.ActiveCfg = Release|Any CPU
		{7F408271-443D-43F8-A387-1A1FEB7B8FF8}.Release|Any CPU.Build.0 = Release|Any CPU
	EndGlobalSection
EndGlobal
